
Microsoft Visual Studio Solution File, Format Version 12.00
# Visual Studio Version 17
VisualStudioVersion = 17.12.35707.178
MinimumVisualStudioVersion = 10.0.40219.1
Project("{FAE04EC0-301F-11D3-BF4B-00C04F79EFBC}") = "BlazorSchulung2025", "BlazorSchulung2025\BlazorSchulung2025.csproj", "{AE52A287-BD19-43A1-A81B-7ADFF6B4BC08}"
EndProject
Global
	GlobalSection(SolutionConfigurationPlatforms) = preSolution
		Debug|Any CPU = Debug|Any CPU
		Release|Any CPU = Release|Any CPU
	EndGlobalSection
	GlobalSection(ProjectConfigurationPlatforms) = postSolution
		{AE52A287-BD19-43A1-A81B-7ADFF6B4BC08}.Debug|Any CPU.ActiveCfg = Debug|Any CPU
		{AE52A287-BD19-43A1-A81B-7ADFF6B4BC08}.Debug|Any CPU.Build.0 = Debug|Any CPU
		{AE52A287-BD19-43A1-A81B-7ADFF6B4BC08}.Release|Any CPU.ActiveCfg = Release|Any CPU
		{AE52A287-BD19-43A1-A81B-7ADFF6B4BC08}.Release|Any CPU.Build.0 = Release|Any CPU
	EndGlobalSection
	GlobalSection(SolutionProperties) = preSolution
		HideSolutionNode = FALSE
	EndGlobalSection
EndGlobal
